// !$*UTF8*$!
{
	archiveVersion = 1;
	classes = {
	};
	objectVersion = 46;
	objects = {

/* Begin PBXBuildFile section */
		5E16B9F71E145BF300725DBF /* VideoVC.swift in Sources */ = {isa = PBXBuildFile; fileRef = 5E16B9F61E145BF300725DBF /* VideoVC.swift */; };
		5E16B9F91E145F2E00725DBF /* PartyCell.swift in Sources */ = {isa = PBXBuildFile; fileRef = 5E16B9F81E145F2E00725DBF /* PartyCell.swift */; };
		5E16B9FB1E1D4CE700725DBF /* PartyRock.swift in Sources */ = {isa = PBXBuildFile; fileRef = 5E16B9FA1E1D4CE700725DBF /* PartyRock.swift */; };
		5EB1B6A31E141B56002FDF6A /* AppDelegate.swift in Sources */ = {isa = PBXBuildFile; fileRef = 5EB1B6A21E141B56002FDF6A /* AppDelegate.swift */; };
		5EB1B6A51E141B56002FDF6A /* MainVC.swift in Sources */ = {isa = PBXBuildFile; fileRef = 5EB1B6A41E141B56002FDF6A /* MainVC.swift */; };
		5EB1B6A81E141B56002FDF6A /* Main.storyboard in Resources */ = {isa = PBXBuildFile; fileRef = 5EB1B6A61E141B56002FDF6A /* Main.storyboard */; };
		5EB1B6AA1E141B56002FDF6A /* Assets.xcassets in Resources */ = {isa = PBXBuildFile; fileRef = 5EB1B6A91E141B56002FDF6A /* Assets.xcassets */; };
		5EB1B6AD1E141B56002FDF6A /* LaunchScreen.storyboard in Resources */ = {isa = PBXBuildFile; fileRef = 5EB1B6AB1E141B56002FDF6A /* LaunchScreen.storyboard */; };
/* End PBXBuildFile section */

/* Begin PBXFileReference section */
		5E16B9F61E145BF300725DBF /* VideoVC.swift */ = {isa = PBXFileReference; fileEncoding = 4; lastKnownFileType = sourcecode.swift; path = VideoVC.swift; sourceTree = "<group>"; };
		5E16B9F81E145F2E00725DBF /* PartyCell.swift */ = {isa = PBXFileReference; fileEncoding = 4; lastKnownFileType = sourcecode.swift; path = PartyCell.swift; sourceTree = "<group>"; };
		5E16B9FA1E1D4CE700725DBF /* PartyRock.swift */ = {isa = PBXFileReference; fileEncoding = 4; lastKnownFileType = sourcecode.swift; path = PartyRock.swift; sourceTree = "<group>"; };
		5EB1B69F1E141B56002FDF6A /* PartyRockApp.app */ = {isa = PBXFileReference; explicitFileType = wrapper.application; includeInIndex = 0; path = PartyRockApp.app; sourceTree = BUILT_PRODUCTS_DIR; };
		5EB1B6A21E141B56002FDF6A /* AppDelegate.swift */ = {isa = PBXFileReference; lastKnownFileType = sourcecode.swift; path = AppDelegate.swift; sourceTree = "<group>"; };
		5EB1B6A41E141B56002FDF6A /* MainVC.swift */ = {isa = PBXFileReference; lastKnownFileType = sourcecode.swift; path = MainVC.swift; sourceTree = "<group>"; };
		5EB1B6A71E141B56002FDF6A /* Base */ = {isa = PBXFileReference; lastKnownFileType = file.storyboard; name = Base; path = Base.lproj/Main.storyboard; sourceTree = "<group>"; };
		5EB1B6A91E141B56002FDF6A /* Assets.xcassets */ = {isa = PBXFileReference; lastKnownFileType = folder.assetcatalog; path = Assets.xcassets; sourceTree = "<group>"; };
		5EB1B6AC1E141B56002FDF6A /* Base */ = {isa = PBXFileReference; lastKnownFileType = file.storyboard; name = Base; path = Base.lproj/LaunchScreen.storyboard; sourceTree = "<group>"; };
		5EB1B6AE1E141B56002FDF6A /* Info.plist */ = {isa = PBXFileReference; lastKnownFileType = text.plist.xml; path = Info.plist; sourceTree = "<group>"; };
/* End PBXFileReference section */

/* Begin PBXFrameworksBuildPhase section */
		5EB1B69C1E141B55002FDF6A /* Frameworks */ = {
			isa = PBXFrameworksBuildPhase;
			buildActionMask = 2147483647;
			files = (
			);
			runOnlyForDeploymentPostprocessing = 0;
		};
/* End PBXFrameworksBuildPhase section */

/* Begin PBXGroup section */
		5E16B9F11E14202600725DBF /* Controller */ = {
			isa = PBXGroup;
			children = (
				5EB1B6A41E141B56002FDF6A /* MainVC.swift */,
				5E16B9F61E145BF300725DBF /* VideoVC.swift */,
			);
			name = Controller;
			sourceTree = "<group>";
		};
		5E16B9F21E14204400725DBF /* View */ = {
			isa = PBXGroup;
			children = (
				5E16B9F81E145F2E00725DBF /* PartyCell.swift */,
			);
			name = View;
			sourceTree = "<group>";
		};
		5E16B9F31E14204C00725DBF /* Model */ = {
			isa = PBXGroup;
			children = (
				5E16B9FA1E1D4CE700725DBF /* PartyRock.swift */,
			);
			name = Model;
			sourceTree = "<group>";
		};
		5EB1B6961E141B55002FDF6A = {
			isa = PBXGroup;
			children = (
				5EB1B6A11E141B56002FDF6A /* PartyRockApp */,
				5EB1B6A01E141B56002FDF6A /* Products */,
			);
			sourceTree = "<group>";
		};
		5EB1B6A01E141B56002FDF6A /* Products */ = {
			isa = PBXGroup;
			children = (
				5EB1B69F1E141B56002FDF6A /* PartyRockApp.app */,
			);
			name = Products;
			sourceTree = "<group>";
		};
		5EB1B6A11E141B56002FDF6A /* PartyRockApp */ = {
			isa = PBXGroup;
			children = (
				5E16B9F31E14204C00725DBF /* Model */,
				5E16B9F21E14204400725DBF /* View */,
				5E16B9F11E14202600725DBF /* Controller */,
				5EB1B6A21E141B56002FDF6A /* AppDelegate.swift */,
				5EB1B6AB1E141B56002FDF6A /* LaunchScreen.storyboard */,
				5EB1B6A61E141B56002FDF6A /* Main.storyboard */,
				5EB1B6A91E141B56002FDF6A /* Assets.xcassets */,
				5EB1B6AE1E141B56002FDF6A /* Info.plist */,
			);
			path = PartyRockApp;
			sourceTree = "<group>";
		};
/* End PBXGroup section */

/* Begin PBXNativeTarget section */
		5EB1B69E1E141B55002FDF6A /* PartyRockApp */ = {
			isa = PBXNativeTarget;
			buildConfigurationList = 5EB1B6B11E141B56002FDF6A /* Build configuration list for PBXNativeTarget "PartyRockApp" */;
			buildPhases = (
				5EB1B69B1E141B55002FDF6A /* Sources */,
				5EB1B69C1E141B55002FDF6A /* Frameworks */,
				5EB1B69D1E141B55002FDF6A /* Resources */,
			);
			buildRules = (
			);
			dependencies = (
			);
			name = PartyRockApp;
			productName = PartyRockApp;
			productReference = 5EB1B69F1E141B56002FDF6A /* PartyRockApp.app */;
			productType = "com.apple.product-type.application";
		};
/* End PBXNativeTarget section */

/* Begin PBXProject section */
		5EB1B6971E141B55002FDF6A /* Project object */ = {
			isa = PBXProject;
			attributes = {
				LastSwiftUpdateCheck = 0800;
				LastUpgradeCheck = 0800;
				ORGANIZATIONNAME = "Forrest Knight";
				TargetAttributes = {
					5EB1B69E1E141B55002FDF6A = {
						CreatedOnToolsVersion = 8.0;
						DevelopmentTeam = RPX5FXH8WZ;
						ProvisioningStyle = Automatic;
					};
				};
			};
			buildConfigurationList = 5EB1B69A1E141B55002FDF6A /* Build configuration list for PBXProject "PartyRockApp" */;
			compatibilityVersion = "Xcode 3.2";
			developmentRegion = English;
			hasScannedForEncodings = 0;
			knownRegions = (
				en,
				Base,
			);
			mainGroup = 5EB1B6961E141B55002FDF6A;
			productRefGroup = 5EB1B6A01E141B56002FDF6A /* Products */;
			projectDirPath = "";
			projectRoot = "";
			targets = (
				5EB1B69E1E141B55002FDF6A /* PartyRockApp */,
			);
		};
/* End PBXProject section */

/* Begin PBXResourcesBuildPhase section */
		5EB1B69D1E141B55002FDF6A /* Resources */ = {
			isa = PBXResourcesBuildPhase;
			buildActionMask = 2147483647;
			files = (
				5EB1B6AD1E141B56002FDF6A /* LaunchScreen.storyboard in Resources */,
				5EB1B6AA1E141B56002FDF6A /* Assets.xcassets in Resources */,
				5EB1B6A81E141B56002FDF6A /* Main.storyboard in Resources */,
			);
			runOnlyForDeploymentPostprocessing = 0;
		};
/* End PBXResourcesBuildPhase section */

/* Begin PBXSourcesBuildPhase section */
		5EB1B69B1E141B55002FDF6A /* Sources */ = {
			isa = PBXSourcesBuildPhase;
			buildActionMask = 2147483647;
			files = (
				5E16B9F71E145BF300725DBF /* VideoVC.swift in Sources */,
				5EB1B6A51E141B56002FDF6A /* MainVC.swift in Sources */,
				5E16B9FB1E1D4CE700725DBF /* PartyRock.swift in Sources */,
				5E16B9F91E145F2E00725DBF /* PartyCell.swift in Sources */,
				5EB1B6A31E141B56002FDF6A /* AppDelegate.swift in Sources */,
			);
			runOnlyForDeploymentPostprocessing = 0;
		};
/* End PBXSourcesBuildPhase section */

/* Begin PBXVariantGroup section */
		5EB1B6A61E141B56002FDF6A /* Main.storyboard */ = {
			isa = PBXVariantGroup;
			children = (
				5EB1B6A71E141B56002FDF6A /* Base */,
			);
			name = Main.storyboard;
			sourceTree = "<group>";
		};
		5EB1B6AB1E141B56002FDF6A /* LaunchScreen.storyboard */ = {
			isa = PBXVariantGroup;
			children = (
				5EB1B6AC1E141B56002FDF6A /* Base */,
			);
			name = LaunchScreen.storyboard;
			sourceTree = "<group>";
		};
/* End PBXVariantGroup section */

/* Begin XCBuildConfiguration section */
		5EB1B6AF1E141B56002FDF6A /* Debug */ = {
			isa = XCBuildConfiguration;
			buildSettings = {
				ALWAYS_SEARCH_USER_PATHS = NO;
				CLANG_ANALYZER_NONNULL = YES;
				CLANG_CXX_LANGUAGE_STANDARD = "gnu++0x";
				CLANG_CXX_LIBRARY = "libc++";
				CLANG_ENABLE_MODULES = YES;
				CLANG_ENABLE_OBJC_ARC = YES;
				CLANG_WARN_BOOL_CONVERSION = YES;
				CLANG_WARN_CONSTANT_CONVERSION = YES;
				CLANG_WARN_DIRECT_OBJC_ISA_USAGE = YES_ERROR;
				CLANG_WARN_DOCUMENTATION_COMMENTS = YES;
				CLANG_WARN_EMPTY_BODY = YES;
				CLANG_WARN_ENUM_CONVERSION = YES;
				CLANG_WARN_INFINITE_RECURSION = YES;
				CLANG_WARN_INT_CONVERSION = YES;
				CLANG_WARN_OBJC_ROOT_CLASS = YES_ERROR;
				CLANG_WARN_SUSPICIOUS_MOVES = YES;
				CLANG_WARN_UNREACHABLE_CODE = YES;
				CLANG_WARN__DUPLICATE_METHOD_MATCH = YES;
				"CODE_SIGN_IDENTITY[sdk=iphoneos*]" = "iPhone Developer";
				COPY_PHASE_STRIP = NO;
				DEBUG_INFORMATION_FORMAT = dwarf;
				ENABLE_STRICT_OBJC_MSGSEND = YES;
				ENABLE_TESTABILITY = YES;
				GCC_C_LANGUAGE_STANDARD = gnu99;
				GCC_DYNAMIC_NO_PIC = NO;
				GCC_NO_COMMON_BLOCKS = YES;
				GCC_OPTIMIZATION_LEVEL = 0;
				GCC_PREPROCESSOR_DEFINITIONS = (
					"DEBUG=1",
					"$(inherited)",
				);
				GCC_WARN_64_TO_32_BIT_CONVERSION = YES;
				GCC_WARN_ABOUT_RETURN_TYPE = YES_ERROR;
				GCC_WARN_UNDECLARED_SELECTOR = YES;
				GCC_WARN_UNINITIALIZED_AUTOS = YES_AGGRESSIVE;
				GCC_WARN_UNUSED_FUNCTION = YES;
				GCC_WARN_UNUSED_VARIABLE = YES;
				IPHONEOS_DEPLOYMENT_TARGET = 10.0;
				MTL_ENABLE_DEBUG_INFO = YES;
				ONLY_ACTIVE_ARCH = YES;
				SDKROOT = iphoneos;
				SWIFT_ACTIVE_COMPILATION_CONDITIONS = DEBUG;
				SWIFT_OPTIMIZATION_LEVEL = "-Onone";
				TARGETED_DEVICE_FAMILY = "1,2";
			};
			name = Debug;
		};
		5EB1B6B01E141B56002FDF6A /* Release */ = {
			isa = XCBuildConfiguration;
			buildSettings = {
				ALWAYS_SEARCH_USER_PATHS = NO;
				CLANG_ANALYZER_NONNULL = YES;
				CLANG_CXX_LANGUAGE_STANDARD = "gnu++0x";
				CLANG_CXX_LIBRARY = "libc++";
				CLANG_ENABLE_MODULES = YES;
				CLANG_ENABLE_OBJC_ARC = YES;
				CLANG_WARN_BOOL_CONVERSION = YES;
				CLANG_WARN_CONSTANT_CONVERSION = YES;
				CLANG_WARN_DIRECT_OBJC_ISA_USAGE = YES_ERROR;
				CLANG_WARN_DOCUMENTATION_COMMENTS = YES;
				CLANG_WARN_EMPTY_BODY = YES;
				CLANG_WARN_ENUM_CONVERSION = YES;
				CLANG_WARN_INFINITE_RECURSION = YES;
				CLANG_WARN_INT_CONVERSION = YES;
				CLANG_WARN_OBJC_ROOT_CLASS = YES_ERROR;
				CLANG_WARN_SUSPICIOUS_MOVES = YES;
				CLANG_WARN_UNREACHABLE_CODE = YES;
				CLANG_WARN__DUPLICATE_METHOD_MATCH = YES;
				"CODE_SIGN_IDENTITY[sdk=iphoneos*]" = "iPhone Developer";
				COPY_PHASE_STRIP = NO;
				DEBUG_INFORMATION_FORMAT = "dwarf-with-dsym";
				ENABLE_NS_ASSERTIONS = NO;
				ENABLE_STRICT_OBJC_MSGSEND = YES;
				GCC_C_LANGUAGE_STANDARD = gnu99;
				GCC_NO_COMMON_BLOCKS = YES;
				GCC_WARN_64_TO_32_BIT_CONVERSION = YES;
				GCC_WARN_ABOUT_RETURN_TYPE = YES_ERROR;
				GCC_WARN_UNDECLARED_SELECTOR = YES;
				GCC_WARN_UNINITIALIZED_AUTOS = YES_AGGRESSIVE;
				GCC_WARN_UNUSED_FUNCTION = YES;
				GCC_WARN_UNUSED_VARIABLE = YES;
				IPHONEOS_DEPLOYMENT_TARGET = 10.0;
				MTL_ENABLE_DEBUG_INFO = NO;
				SDKROOT = iphoneos;
				SWIFT_OPTIMIZATION_LEVEL = "-Owholemodule";
				TARGETED_DEVICE_FAMILY = "1,2";
				VALIDATE_PRODUCT = YES;
			};
			name = Release;
		};
		5EB1B6B21E141B56002FDF6A /* Debug */ = {
			isa = XCBuildConfiguration;
			buildSettings = {
				ASSETCATALOG_COMPILER_APPICON_NAME = AppIcon;
				DEVELOPMENT_TEAM = RPX5FXH8WZ;
				INFOPLIST_FILE = PartyRockApp/Info.plist;
				LD_RUNPATH_SEARCH_PATHS = "$(inherited) @executable_path/Frameworks";
				PRODUCT_BUNDLE_IDENTIFIER = com.ForrestKnight.PartyRockApp;
				PRODUCT_NAME = "$(TARGET_NAME)";
				SWIFT_VERSION = 3.0;
			};
			name = Debug;
		};
		5EB1B6B31E141B56002FDF6A /* Release */ = {
			isa = XCBuildConfiguration;
			buildSettings = {
				ASSETCATALOG_COMPILER_APPICON_NAME = AppIcon;
				DEVELOPMENT_TEAM = RPX5FXH8WZ;
				INFOPLIST_FILE = PartyRockApp/Info.plist;
				LD_RUNPATH_SEARCH_PATHS = "$(inherited) @executable_path/Frameworks";
				PRODUCT_BUNDLE_IDENTIFIER = com.ForrestKnight.PartyRockApp;
				PRODUCT_NAME = "$(TARGET_NAME)";
				SWIFT_VERSION = 3.0;
			};
			name = Release;
		};
/* End XCBuildConfiguration section */

/* Begin XCConfigurationList section */
		5EB1B69A1E141B55002FDF6A /* Build configuration list for PBXProject "PartyRockApp" */ = {
			isa = XCConfigurationList;
			buildConfigurations = (
				5EB1B6AF1E141B56002FDF6A /* Debug */,
				5EB1B6B01E141B56002FDF6A /* Release */,
			);
			defaultConfigurationIsVisible = 0;
			defaultConfigurationName = Release;
		};
		5EB1B6B11E141B56002FDF6A /* Build configuration list for PBXNativeTarget "PartyRockApp" */ = {
			isa = XCConfigurationList;
			buildConfigurations = (
				5EB1B6B21E141B56002FDF6A /* Debug */,
				5EB1B6B31E141B56002FDF6A /* Release */,
			);
			defaultConfigurationIsVisible = 0;
			defaultConfigurationName = Release;
		};
/* End XCConfigurationList section */
	};
	rootObject = 5EB1B6971E141B55002FDF6A /* Project object */;
}
